
Microsoft Visual Studio Solution File, Format Version 12.00
# Visual Studio Version 17
VisualStudioVersion = 17.2.32630.192
MinimumVisualStudioVersion = 10.0.40219.1
Project("{FAE04EC0-301F-11D3-BF4B-00C04F79EFBC}") = "MVC_Store", "MVC_Store\MVC_Store.csproj", "{84188E5F-A918-43E5-A2B2-9F80FD9E44B9}"
EndProject
Global
	GlobalSection(SolutionConfigurationPlatforms) = preSolution
		Debug|Any CPU = Debug|Any CPU
		Release|Any CPU = Release|Any CPU
	EndGlobalSection
	GlobalSection(ProjectConfigurationPlatforms) = postSolution
		{84188E5F-A918-43E5-A2B2-9F80FD9E44B9}.Debug|Any CPU.ActiveCfg = Debug|Any CPU
		{84188E5F-A918-43E5-A2B2-9F80FD9E44B9}.Debug|Any CPU.Build.0 = Debug|Any CPU
		{84188E5F-A918-43E5-A2B2-9F80FD9E44B9}.Release|Any CPU.ActiveCfg = Release|Any CPU
		{84188E5F-A918-43E5-A2B2-9F80FD9E44B9}.Release|Any CPU.Build.0 = Release|Any CPU
	EndGlobalSection
	GlobalSection(SolutionProperties) = preSolution
		HideSolutionNode = FALSE
	EndGlobalSection
	GlobalSection(ExtensibilityGlobals) = postSolution
		SolutionGuid = {162AEF93-009A-40A0-BA50-14AE6662043D}
	EndGlobalSection
EndGlobal
